{
  "version": 4,
  "terraform_version": "1.1.3",
  "serial": 11,
  "lineage": "053e5f54-a0fc-add6-c0e1-89894398b135",
  "outputs": {
    "github_clone_url": {
      "value": "https://github.com/NikitaSkorodumov/etoneblog.git",
      "type": "string"
    },
    "s3_bucket_name": {
      "value": "etoneblog",
      "type": "string"
    },
    "website_endpoint": {
      "value": "http://etoneblog.s3-website.eu-central-1.amazonaws.com",
      "type": "string"
    }
  },
  "resources": [
    {
      "mode": "data",
      "type": "aws_iam_policy_document",
      "name": "blog_bucket_policy",
      "provider": "provider[\"registry.terraform.io/hashicorp/aws\"]",
      "instances": [
        {
          "schema_version": 0,
          "attributes": {
            "id": "110954255",
            "json": "{\n  \"Version\": \"2012-10-17\",\n  \"Statement\": [\n    {\n      \"Sid\": \"\",\n      \"Effect\": \"Allow\",\n      \"Action\": \"s3:GetObject\",\n      \"Resource\": \"arn:aws:s3:::etoneblog/*\",\n      \"Principal\": \"*\"\n    }\n  ]\n}",
            "override_json": null,
            "override_policy_documents": null,
            "policy_id": null,
            "source_json": null,
            "source_policy_documents": null,
            "statement": [
              {
                "actions": [
                  "s3:GetObject"
                ],
                "condition": [],
                "effect": "Allow",
                "not_actions": [],
                "not_principals": [],
                "not_resources": [],
                "principals": [
                  {
                    "identifiers": [
                      "*"
                    ],
                    "type": "*"
                  }
                ],
                "resources": [
                  "arn:aws:s3:::etoneblog/*"
                ],
                "sid": ""
              }
            ],
            "version": "2012-10-17"
          },
          "sensitive_attributes": []
        }
      ]
    },
    {
      "mode": "managed",
      "type": "aws_codebuild_project",
      "name": "blog_codebuild",
      "provider": "provider[\"registry.terraform.io/hashicorp/aws\"]",
      "instances": [
        {
          "schema_version": 0,
          "attributes": {
            "arn": "arn:aws:codebuild:eu-central-1:215875881138:project/serverless_blog",
            "artifacts": [
              {
                "artifact_identifier": "",
                "bucket_owner_access": "",
                "encryption_disabled": false,
                "location": "",
                "name": "",
                "namespace_type": "",
                "override_artifact_name": false,
                "packaging": "",
                "path": "",
                "type": "NO_ARTIFACTS"
              }
            ],
            "badge_enabled": false,
            "badge_url": "",
            "build_batch_config": [],
            "build_timeout": 5,
            "cache": [
              {
                "location": "",
                "modes": [],
                "type": "NO_CACHE"
              }
            ],
            "concurrent_build_limit": 0,
            "description": "serverless_blog_codebuild_project",
            "encryption_key": "arn:aws:kms:eu-central-1:215875881138:alias/aws/s3",
            "environment": [
              {
                "certificate": "",
                "compute_type": "BUILD_GENERAL1_SMALL",
                "environment_variable": [],
                "image": "aws/codebuild/standard:1.0",
                "image_pull_credentials_type": "CODEBUILD",
                "privileged_mode": false,
                "registry_credential": [],
                "type": "LINUX_CONTAINER"
              }
            ],
            "file_system_locations": [],
            "id": "arn:aws:codebuild:eu-central-1:215875881138:project/serverless_blog",
            "logs_config": [
              {
                "cloudwatch_logs": [
                  {
                    "group_name": "",
                    "status": "ENABLED",
                    "stream_name": ""
                  }
                ],
                "s3_logs": [
                  {
                    "bucket_owner_access": "",
                    "encryption_disabled": false,
                    "location": "",
                    "status": "DISABLED"
                  }
                ]
              }
            ],
            "name": "serverless_blog",
            "project_visibility": "PRIVATE",
            "public_project_alias": "",
            "queued_timeout": 5,
            "resource_access_role": "",
            "secondary_artifacts": [],
            "secondary_source_version": [],
            "secondary_sources": [],
            "service_role": "arn:aws:iam::215875881138:role/etoneblog",
            "source": [
              {
                "auth": [],
                "build_status_config": [],
                "buildspec": "",
                "git_clone_depth": 1,
                "git_submodules_config": [],
                "insecure_ssl": false,
                "location": "https://github.com/NikitaSkorodumov/etoneblog",
                "report_build_status": false,
                "type": "GITHUB"
              }
            ],
            "source_version": "",
            "tags": null,
            "tags_all": {},
            "vpc_config": []
          },
          "sensitive_attributes": [],
          "private": "bnVsbA==",
          "dependencies": [
            "aws_iam_role.codebuild_role",
            "github_repository.web_repo"
          ]
        }
      ]
    },
    {
      "mode": "managed",
      "type": "aws_codebuild_source_credential",
      "name": "github_cred",
      "provider": "provider[\"registry.terraform.io/hashicorp/aws\"]",
      "instances": [
        {
          "schema_version": 0,
          "attributes": {
            "arn": "arn:aws:codebuild:eu-central-1:215875881138:token/github",
            "auth_type": "PERSONAL_ACCESS_TOKEN",
            "id": "arn:aws:codebuild:eu-central-1:215875881138:token/github",
            "server_type": "GITHUB",
            "token": "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",
            "user_name": null
          },
          "sensitive_attributes": [],
          "private": "bnVsbA=="
        }
      ]
    },
    {
      "mode": "managed",
      "type": "aws_codebuild_webhook",
      "name": "codebuild_webhook",
      "provider": "provider[\"registry.terraform.io/hashicorp/aws\"]",
      "instances": [
        {
          "schema_version": 0,
          "attributes": {
            "branch_filter": "",
            "build_type": "",
            "filter_group": [],
            "id": "serverless_blog",
            "payload_url": "https://codebuild.eu-central-1.amazonaws.com/webhooks?t=eyJlbmNyeXB0ZWREYXRhIjoiQktEamV6ZkREVHM1Q282YVBmN3F2RmpTVXlrUzVLRUZXbG0wSHdDdm85QjFCQ21DYm1vYlpVOHE2UDlpWXU1RG5kajdZZzcxTnVFQ0tvZXhNMmdGMUZNPSIsIml2UGFyYW1ldGVyU3BlYyI6IkRxdjRneGRWN05hczBWTFIiLCJtYXRlcmlhbFNldFNlcmlhbCI6MX0%3D\u0026v=1",
            "project_name": "serverless_blog",
            "secret": "",
            "url": "https://api.github.com/repos/NikitaSkorodumov/etoneblog/hooks/338984925"
          },
          "sensitive_attributes": [],
          "private": "bnVsbA==",
          "dependencies": [
            "aws_codebuild_project.blog_codebuild",
            "aws_iam_role.codebuild_role",
            "github_repository.web_repo"
          ]
        }
      ]
    },
    {
      "mode": "managed",
      "type": "aws_iam_role",
      "name": "codebuild_role",
      "provider": "provider[\"registry.terraform.io/hashicorp/aws\"]",
      "instances": [
        {
          "schema_version": 0,
          "attributes": {
            "arn": "arn:aws:iam::215875881138:role/etoneblog",
            "assume_role_policy": "{\"Version\":\"2012-10-17\",\"Statement\":[{\"Effect\":\"Allow\",\"Principal\":{\"Service\":\"codebuild.amazonaws.com\"},\"Action\":\"sts:AssumeRole\"}]}",
            "create_date": "2022-01-19T13:35:59Z",
            "description": "",
            "force_detach_policies": false,
            "id": "etoneblog",
            "inline_policy": [
              {
                "name": "",
                "policy": ""
              }
            ],
            "managed_policy_arns": [],
            "max_session_duration": 3600,
            "name": "etoneblog",
            "name_prefix": "",
            "path": "/",
            "permissions_boundary": null,
            "tags": null,
            "tags_all": {},
            "unique_id": "AROATEQZURCZGGTUBWENV"
          },
          "sensitive_attributes": [],
          "private": "bnVsbA=="
        }
      ]
    },
    {
      "mode": "managed",
      "type": "aws_iam_role_policy",
      "name": "blog_iam_role",
      "provider": "provider[\"registry.terraform.io/hashicorp/aws\"]",
      "instances": [
        {
          "schema_version": 0,
          "attributes": {
            "id": "etoneblog:terraform-20220119133601318700000001",
            "name": "terraform-20220119133601318700000001",
            "name_prefix": null,
            "policy": "{\r\n  \"Version\": \"2012-10-17\",\r\n  \"Statement\": [\r\n    {\r\n      \"Effect\": \"Allow\",\r\n      \"Resource\": [\r\n        \"*\"\r\n      ],\r\n      \"Action\": [\r\n        \"logs:CreateLogGroup\",\r\n        \"logs:CreateLogStream\",\r\n        \"logs:PutLogEvents\"\r\n      ]\r\n    },\r\n    {\r\n      \"Effect\": \"Allow\",\r\n      \"Action\": [\r\n          \"s3:PutObject\",\r\n          \"s3:GetObject\",\r\n          \"s3:GetBucketAcl\",\r\n          \"s3:GetBucketLocation\",\r\n          \"s3:GetObjectVersion\"\r\n      ],\r\n      \"Resource\": \"*\"\r\n    }\r\n  ]\r\n}\r\n",
            "role": "etoneblog"
          },
          "sensitive_attributes": [],
          "private": "bnVsbA==",
          "dependencies": [
            "aws_iam_role.codebuild_role"
          ]
        }
      ]
    },
    {
      "mode": "managed",
      "type": "aws_s3_bucket",
      "name": "blog_bucket",
      "provider": "provider[\"registry.terraform.io/hashicorp/aws\"]",
      "instances": [
        {
          "schema_version": 0,
          "attributes": {
            "acceleration_status": "",
            "acl": "public-read",
            "arn": "arn:aws:s3:::etoneblog",
            "bucket": "etoneblog",
            "bucket_domain_name": "etoneblog.s3.amazonaws.com",
            "bucket_prefix": null,
            "bucket_regional_domain_name": "etoneblog.s3.eu-central-1.amazonaws.com",
            "cors_rule": [],
            "force_destroy": true,
            "grant": [],
            "hosted_zone_id": "Z21DNDUVLTQW6Q",
            "id": "etoneblog",
            "lifecycle_rule": [],
            "logging": [],
            "object_lock_configuration": [],
            "policy": null,
            "region": "eu-central-1",
            "replication_configuration": [],
            "request_payer": "BucketOwner",
            "server_side_encryption_configuration": [],
            "tags": null,
            "tags_all": {},
            "versioning": [
              {
                "enabled": false,
                "mfa_delete": false
              }
            ],
            "website": [
              {
                "error_document": "error.html",
                "index_document": "index.html",
                "redirect_all_requests_to": "",
                "routing_rules": "[{\"Condition\":{\"KeyPrefixEquals\":\"docs/\"},\"Redirect\":{\"ReplaceKeyPrefixWith\":\"documents/\"}}]"
              }
            ],
            "website_domain": "s3-website.eu-central-1.amazonaws.com",
            "website_endpoint": "etoneblog.s3-website.eu-central-1.amazonaws.com"
          },
          "sensitive_attributes": [],
          "private": "bnVsbA=="
        }
      ]
    },
    {
      "mode": "managed",
      "type": "aws_s3_bucket_policy",
      "name": "blog_bucket_policy",
      "provider": "provider[\"registry.terraform.io/hashicorp/aws\"]",
      "instances": [
        {
          "schema_version": 0,
          "attributes": {
            "bucket": "etoneblog",
            "id": "etoneblog",
            "policy": "{\n  \"Version\": \"2012-10-17\",\n  \"Statement\": [\n    {\n      \"Sid\": \"\",\n      \"Effect\": \"Allow\",\n      \"Action\": \"s3:GetObject\",\n      \"Resource\": \"arn:aws:s3:::etoneblog/*\",\n      \"Principal\": \"*\"\n    }\n  ]\n}"
          },
          "sensitive_attributes": [],
          "private": "bnVsbA==",
          "dependencies": [
            "aws_s3_bucket.blog_bucket",
            "data.aws_iam_policy_document.blog_bucket_policy"
          ]
        }
      ]
    },
    {
      "mode": "managed",
      "type": "github_repository",
      "name": "web_repo",
      "provider": "provider[\"registry.terraform.io/hashicorp/github\"]",
      "instances": [
        {
          "schema_version": 0,
          "attributes": {
            "allow_auto_merge": false,
            "allow_merge_commit": true,
            "allow_rebase_merge": true,
            "allow_squash_merge": true,
            "archive_on_destroy": null,
            "archived": false,
            "auto_init": null,
            "branches": [],
            "default_branch": "main",
            "delete_branch_on_merge": false,
            "description": "serverless blog",
            "etag": "W/\"10104ad626744e166ede27f8bf3c105d942464681ee1f7a33474c32d61187f62\"",
            "full_name": "NikitaSkorodumov/etoneblog",
            "git_clone_url": "git://github.com/NikitaSkorodumov/etoneblog.git",
            "gitignore_template": null,
            "has_downloads": true,
            "has_issues": false,
            "has_projects": false,
            "has_wiki": false,
            "homepage_url": "",
            "html_url": "https://github.com/NikitaSkorodumov/etoneblog",
            "http_clone_url": "https://github.com/NikitaSkorodumov/etoneblog.git",
            "id": "etoneblog",
            "is_template": false,
            "license_template": null,
            "name": "etoneblog",
            "node_id": "R_kgDOGs32Xg",
            "pages": [],
            "private": false,
            "repo_id": 449705566,
            "ssh_clone_url": "git@github.com:NikitaSkorodumov/etoneblog.git",
            "svn_url": "https://github.com/NikitaSkorodumov/etoneblog",
            "template": [],
            "topics": null,
            "visibility": "public",
            "vulnerability_alerts": false
          },
          "sensitive_attributes": [],
          "private": "bnVsbA=="
        }
      ]
    },
    {
      "mode": "managed",
      "type": "github_repository_webhook",
      "name": "repo_webhook",
      "provider": "provider[\"registry.terraform.io/hashicorp/github\"]",
      "instances": [
        {
          "schema_version": 1,
          "attributes": {
            "active": true,
            "configuration": [
              {
                "content_type": "json",
                "insecure_ssl": false,
                "secret": "",
                "url": "https://codebuild.eu-central-1.amazonaws.com/webhooks?t=eyJlbmNyeXB0ZWREYXRhIjoiQktEamV6ZkREVHM1Q282YVBmN3F2RmpTVXlrUzVLRUZXbG0wSHdDdm85QjFCQ21DYm1vYlpVOHE2UDlpWXU1RG5kajdZZzcxTnVFQ0tvZXhNMmdGMUZNPSIsIml2UGFyYW1ldGVyU3BlYyI6IkRxdjRneGRWN05hczBWTFIiLCJtYXRlcmlhbFNldFNlcmlhbCI6MX0%3D\u0026v=1"
              }
            ],
            "etag": null,
            "events": [
              "push"
            ],
            "id": "338984929",
            "name": null,
            "repository": "etoneblog",
            "url": "https://api.github.com/repos/NikitaSkorodumov/etoneblog/hooks/338984929"
          },
          "sensitive_attributes": [
            [
              {
                "type": "get_attr",
                "value": "configuration"
              },
              {
                "type": "index",
                "value": {
                  "value": 0,
                  "type": "number"
                }
              },
              {
                "type": "get_attr",
                "value": "secret"
              }
            ]
          ],
          "private": "eyJzY2hlbWFfdmVyc2lvbiI6IjEifQ==",
          "dependencies": [
            "aws_codebuild_project.blog_codebuild",
            "aws_codebuild_webhook.codebuild_webhook",
            "aws_iam_role.codebuild_role",
            "github_repository.web_repo"
          ]
        }
      ]
    }
  ]
}
